
Microsoft Visual Studio Solution File, Format Version 12.00
# Visual Studio 15
VisualStudioVersion = 15.0.28010.2048
MinimumVisualStudioVersion = 10.0.40219.1
Project("{9A19103F-16F7-4668-BE54-9A1E7A4F7556}") = "WebapiWithSwagger", "WebapiWithSwagger\WebapiWithSwagger.csproj", "{8DE04186-60B2-43FD-A4FB-FC9A01FEF3E7}"
EndProject
Project("{9A19103F-16F7-4668-BE54-9A1E7A4F7556}") = "DataModel", "DataModel\DataModel.csproj", "{1FCC08CB-8DF4-45CA-88CE-815BD6FDF6FA}"
EndProject
Project("{FAE04EC0-301F-11D3-BF4B-00C04F79EFBC}") = "TestConsoleApp", "TestConsoleApp\TestConsoleApp.csproj", "{F46DF6FE-F90B-4475-B4A2-BF9968B3E655}"
EndProject
Global
	GlobalSection(SolutionConfigurationPlatforms) = preSolution
		Debug|Any CPU = Debug|Any CPU
		Release|Any CPU = Release|Any CPU
	EndGlobalSection
	GlobalSection(ProjectConfigurationPlatforms) = postSolution
		{8DE04186-60B2-43FD-A4FB-FC9A01FEF3E7}.Debug|Any CPU.ActiveCfg = Debug|Any CPU
		{8DE04186-60B2-43FD-A4FB-FC9A01FEF3E7}.Debug|Any CPU.Build.0 = Debug|Any CPU
		{8DE04186-60B2-43FD-A4FB-FC9A01FEF3E7}.Release|Any CPU.ActiveCfg = Release|Any CPU
		{8DE04186-60B2-43FD-A4FB-FC9A01FEF3E7}.Release|Any CPU.Build.0 = Release|Any CPU
		{1FCC08CB-8DF4-45CA-88CE-815BD6FDF6FA}.Debug|Any CPU.ActiveCfg = Debug|Any CPU
		{1FCC08CB-8DF4-45CA-88CE-815BD6FDF6FA}.Debug|Any CPU.Build.0 = Debug|Any CPU
		{1FCC08CB-8DF4-45CA-88CE-815BD6FDF6FA}.Release|Any CPU.ActiveCfg = Release|Any CPU
		{1FCC08CB-8DF4-45CA-88CE-815BD6FDF6FA}.Release|Any CPU.Build.0 = Release|Any CPU
		{F46DF6FE-F90B-4475-B4A2-BF9968B3E655}.Debug|Any CPU.ActiveCfg = Debug|Any CPU
		{F46DF6FE-F90B-4475-B4A2-BF9968B3E655}.Debug|Any CPU.Build.0 = Debug|Any CPU
		{F46DF6FE-F90B-4475-B4A2-BF9968B3E655}.Release|Any CPU.ActiveCfg = Release|Any CPU
		{F46DF6FE-F90B-4475-B4A2-BF9968B3E655}.Release|Any CPU.Build.0 = Release|Any CPU
	EndGlobalSection
	GlobalSection(SolutionProperties) = preSolution
		HideSolutionNode = FALSE
	EndGlobalSection
	GlobalSection(ExtensibilityGlobals) = postSolution
		SolutionGuid = {247F19FF-7395-44FD-A7EC-51E4FC8106F2}
	EndGlobalSection
EndGlobal
